// !$*UTF8*$!
{
	archiveVersion = 1;
	classes = {
	};
	objectVersion = 52;
	objects = {

/* Begin PBXBuildFile section */
		BE2AA320FA42D298F02D0838 /* libPods-whirlpool.a in Frameworks */ = {isa = PBXBuildFile; fileRef = 2CD70CA61C636F2CCBA1B139 /* libPods-whirlpool.a */; };
		BF0376B826EA0692002F41DD /* WhirlpoolMainContainerView.swift in Sources */ = {isa = PBXBuildFile; fileRef = BF0376B726EA0692002F41DD /* WhirlpoolMainContainerView.swift */; };
		BF0376BA26EA06A6002F41DD /* WhirlpoolTimingView.swift in Sources */ = {isa = PBXBuildFile; fileRef = BF0376B926EA06A6002F41DD /* WhirlpoolTimingView.swift */; };
		BF0376BC26EA06C4002F41DD /* WhirlpoolHistoryListView.swift in Sources */ = {isa = PBXBuildFile; fileRef = BF0376BB26EA06C4002F41DD /* WhirlpoolHistoryListView.swift */; };
		BF113A0321E5FF0800F38D43 /* whirlpool.xcdatamodeld in Sources */ = {isa = PBXBuildFile; fileRef = BF113A0121E5FF0800F38D43 /* whirlpool.xcdatamodeld */; };
		BF1453C421E8C8B0008D0D02 /* WhirlpoolHistoryDetailViewController.swift in Sources */ = {isa = PBXBuildFile; fileRef = BF1453C321E8C8B0008D0D02 /* WhirlpoolHistoryDetailViewController.swift */; };
		BF27842521F1CB2E0052F28B /* Localizable.strings in Resources */ = {isa = PBXBuildFile; fileRef = BF27842321F1CB2E0052F28B /* Localizable.strings */; };
		BF27842A21F1CBE20052F28B /* InfoPlist.strings in Resources */ = {isa = PBXBuildFile; fileRef = BF27842821F1CBE20052F28B /* InfoPlist.strings */; };
		BF2C288826EB350A00671ABC /* WhirlpoolHostingViewController.swift in Sources */ = {isa = PBXBuildFile; fileRef = BF2C288726EB350A00671ABC /* WhirlpoolHostingViewController.swift */; };
		BF2C288A26EB358900671ABC /* WhirlpoolHostingStoryboard.storyboard in Resources */ = {isa = PBXBuildFile; fileRef = BF2C288926EB358900671ABC /* WhirlpoolHostingStoryboard.storyboard */; };
		BF2D9B5A21EEE4220036BBCD /* WhirlpoolSwitchToolbarButtonItem.swift in Sources */ = {isa = PBXBuildFile; fileRef = BF2D9B5921EEE4220036BBCD /* WhirlpoolSwitchToolbarButtonItem.swift */; };
		BF2D9B6021EEFBE70036BBCD /* WhirlpoolTableCellTextFieldSwitchBar.swift in Sources */ = {isa = PBXBuildFile; fileRef = BF2D9B5F21EEFBE70036BBCD /* WhirlpoolTableCellTextFieldSwitchBar.swift */; };
		BF368CD621E6EB4F00A8971E /* WhirlpoolToolbarTableViewCell.swift in Sources */ = {isa = PBXBuildFile; fileRef = BF368CD521E6EB4F00A8971E /* WhirlpoolToolbarTableViewCell.swift */; };
		BF368CD821E75B6400A8971E /* WhirlpoolHistoryViewController.swift in Sources */ = {isa = PBXBuildFile; fileRef = BF368CD721E75B6400A8971E /* WhirlpoolHistoryViewController.swift */; };
		BF3F53CD21EC341500F97A06 /* WhirlpoolRecordStoreManager.swift in Sources */ = {isa = PBXBuildFile; fileRef = BF3F53CC21EC341500F97A06 /* WhirlpoolRecordStoreManager.swift */; };
		BF508E2921DDF76D0010E1BD /* AppDelegate.swift in Sources */ = {isa = PBXBuildFile; fileRef = BF508E2821DDF76D0010E1BD /* AppDelegate.swift */; };
		BF508E2D21DDF76D0010E1BD /* WhirlpoolViewController.swift in Sources */ = {isa = PBXBuildFile; fileRef = BF508E2C21DDF76D0010E1BD /* WhirlpoolViewController.swift */; };
		BF508E3221DDF76D0010E1BD /* Main.storyboard in Resources */ = {isa = PBXBuildFile; fileRef = BF508E3021DDF76D0010E1BD /* Main.storyboard */; };
		BF508E3421DDF76E0010E1BD /* Assets.xcassets in Resources */ = {isa = PBXBuildFile; fileRef = BF508E3321DDF76E0010E1BD /* Assets.xcassets */; };
		BF508E3721DDF76E0010E1BD /* LaunchScreen.storyboard in Resources */ = {isa = PBXBuildFile; fileRef = BF508E3521DDF76E0010E1BD /* LaunchScreen.storyboard */; };
		BF508E4221DDF76E0010E1BD /* whirlpoolTests.swift in Sources */ = {isa = PBXBuildFile; fileRef = BF508E4121DDF76E0010E1BD /* whirlpoolTests.swift */; };
		BF508E4D21DDF76E0010E1BD /* whirlpoolUITests.swift in Sources */ = {isa = PBXBuildFile; fileRef = BF508E4C21DDF76E0010E1BD /* whirlpoolUITests.swift */; };
		BF85DABE21EDEB4A009F6FEF /* WhirlpoolTimerTableViewCell.swift in Sources */ = {isa = PBXBuildFile; fileRef = BF85DABC21EDEB4A009F6FEF /* WhirlpoolTimerTableViewCell.swift */; };
		BF85DABF21EDEB4A009F6FEF /* WhirlpoolTimerTableViewCell.xib in Resources */ = {isa = PBXBuildFile; fileRef = BF85DABD21EDEB4A009F6FEF /* WhirlpoolTimerTableViewCell.xib */; };
		BFBF03E126EA16D30068BEFF /* WhirlpoolRecordListView.swift in Sources */ = {isa = PBXBuildFile; fileRef = BFBF03E026EA16D30068BEFF /* WhirlpoolRecordListView.swift */; };
		BFBF03E626EA23B50068BEFF /* WhirlpoolTimingPageController.swift in Sources */ = {isa = PBXBuildFile; fileRef = BFBF03E526EA23B50068BEFF /* WhirlpoolTimingPageController.swift */; };
		BFBF03EA26EAE8C30068BEFF /* WhirlpoolRecordCellView.swift in Sources */ = {isa = PBXBuildFile; fileRef = BFBF03E926EAE8C30068BEFF /* WhirlpoolRecordCellView.swift */; };
		BFBF03EF26EB057E0068BEFF /* WhirlpoolPlayButtonView.swift in Sources */ = {isa = PBXBuildFile; fileRef = BFBF03EE26EB057E0068BEFF /* WhirlpoolPlayButtonView.swift */; };
		BFBF03F126EB07400068BEFF /* WhirlpoolSplitButtonView.swift in Sources */ = {isa = PBXBuildFile; fileRef = BFBF03F026EB07400068BEFF /* WhirlpoolSplitButtonView.swift */; };
		BFD65FBB21E481990036ED99 /* WhirlpoolRecord.swift in Sources */ = {isa = PBXBuildFile; fileRef = BFD65FBA21E481990036ED99 /* WhirlpoolRecord.swift */; };
		BFD65FBD21E484740036ED99 /* WhirlpoolRecordStore.swift in Sources */ = {isa = PBXBuildFile; fileRef = BFD65FBC21E484740036ED99 /* WhirlpoolRecordStore.swift */; };
		BFD65FBF21E48E2B0036ED99 /* WhirlpoolRecordsTableViewController.swift in Sources */ = {isa = PBXBuildFile; fileRef = BFD65FBE21E48E2B0036ED99 /* WhirlpoolRecordsTableViewController.swift */; };
		BFDEF9A7270448C5004F08D1 /* WhirlpoolShareSheetView.swift in Sources */ = {isa = PBXBuildFile; fileRef = BFDEF9A6270448C5004F08D1 /* WhirlpoolShareSheetView.swift */; };
		BFDEF9A9270453CC004F08D1 /* WhirlpoolHomePageView.swift in Sources */ = {isa = PBXBuildFile; fileRef = BFDEF9A8270453CC004F08D1 /* WhirlpoolHomePageView.swift */; };
		BFDEF9AB27045D05004F08D1 /* WhirlpoolHistoryDetailView.swift in Sources */ = {isa = PBXBuildFile; fileRef = BFDEF9AA27045D05004F08D1 /* WhirlpoolHistoryDetailView.swift */; };
		BFE3CDDD26F050B8002C1E1B /* WhirlpoolRefreshableTableView.swift in Sources */ = {isa = PBXBuildFile; fileRef = BFE3CDDC26F050B8002C1E1B /* WhirlpoolRefreshableTableView.swift */; };
		BFEAE0D126FCA22400246BAC /* DateUtil.swift in Sources */ = {isa = PBXBuildFile; fileRef = BFEAE0D026FCA22400246BAC /* DateUtil.swift */; };
		BFEAE0D326FDB61100246BAC /* WhirlpoolHistoryController.swift in Sources */ = {isa = PBXBuildFile; fileRef = BFEAE0D226FDB61100246BAC /* WhirlpoolHistoryController.swift */; };
		BFEAE0D626FDB8E100246BAC /* PolarShadow in Frameworks */ = {isa = PBXBuildFile; productRef = BFEAE0D526FDB8E100246BAC /* PolarShadow */; };
		BFF2189421E5916A004D6480 /* WhirlpoolRecordTableViewCell.swift in Sources */ = {isa = PBXBuildFile; fileRef = BFF2189321E5916A004D6480 /* WhirlpoolRecordTableViewCell.swift */; };
		BFF2189621E5A357004D6480 /* WhirlpoolRecordDescTextField.swift in Sources */ = {isa = PBXBuildFile; fileRef = BFF2189521E5A357004D6480 /* WhirlpoolRecordDescTextField.swift */; };
		BFF2189821E5E89A004D6480 /* TimeHelper.swift in Sources */ = {isa = PBXBuildFile; fileRef = BFF2189721E5E89A004D6480 /* TimeHelper.swift */; };
/* End PBXBuildFile section */

/* Begin PBXContainerItemProxy section */
		BF508E3E21DDF76E0010E1BD /* PBXContainerItemProxy */ = {
			isa = PBXContainerItemProxy;
			containerPortal = BF508E1D21DDF76D0010E1BD /* Project object */;
			proxyType = 1;
			remoteGlobalIDString = BF508E2421DDF76D0010E1BD;
			remoteInfo = whirlpool;
		};
		BF508E4921DDF76E0010E1BD /* PBXContainerItemProxy */ = {
			isa = PBXContainerItemProxy;
			containerPortal = BF508E1D21DDF76D0010E1BD /* Project object */;
			proxyType = 1;
			remoteGlobalIDString = BF508E2421DDF76D0010E1BD;
			remoteInfo = whirlpool;
		};
/* End PBXContainerItemProxy section */

/* Begin PBXFileReference section */
		1C43313EE3D7DC836A65E666 /* Pods-whirlpool.debug.xcconfig */ = {isa = PBXFileReference; includeInIndex = 1; lastKnownFileType = text.xcconfig; name = "Pods-whirlpool.debug.xcconfig"; path = "Pods/Target Support Files/Pods-whirlpool/Pods-whirlpool.debug.xcconfig"; sourceTree = "<group>"; };
		2CD70CA61C636F2CCBA1B139 /* libPods-whirlpool.a */ = {isa = PBXFileReference; explicitFileType = archive.ar; includeInIndex = 0; path = "libPods-whirlpool.a"; sourceTree = BUILT_PRODUCTS_DIR; };
		BF0376B726EA0692002F41DD /* WhirlpoolMainContainerView.swift */ = {isa = PBXFileReference; lastKnownFileType = sourcecode.swift; path = WhirlpoolMainContainerView.swift; sourceTree = "<group>"; };
		BF0376B926EA06A6002F41DD /* WhirlpoolTimingView.swift */ = {isa = PBXFileReference; lastKnownFileType = sourcecode.swift; path = WhirlpoolTimingView.swift; sourceTree = "<group>"; };
		BF0376BB26EA06C4002F41DD /* WhirlpoolHistoryListView.swift */ = {isa = PBXFileReference; lastKnownFileType = sourcecode.swift; path = WhirlpoolHistoryListView.swift; sourceTree = "<group>"; };
		BF113A0221E5FF0800F38D43 /* TimeRecord.xcdatamodel */ = {isa = PBXFileReference; lastKnownFileType = wrapper.xcdatamodel; path = TimeRecord.xcdatamodel; sourceTree = "<group>"; };
		BF113A0C21E60F3B00F38D43 /* CoreData.framework */ = {isa = PBXFileReference; lastKnownFileType = wrapper.framework; name = CoreData.framework; path = System/Library/Frameworks/CoreData.framework; sourceTree = SDKROOT; };
		BF1453C321E8C8B0008D0D02 /* WhirlpoolHistoryDetailViewController.swift */ = {isa = PBXFileReference; lastKnownFileType = sourcecode.swift; path = WhirlpoolHistoryDetailViewController.swift; sourceTree = "<group>"; };
		BF27841E21F1C9FC0052F28B /* zh-Hans */ = {isa = PBXFileReference; lastKnownFileType = text.plist.strings; name = "zh-Hans"; path = "zh-Hans.lproj/Main.strings"; sourceTree = "<group>"; };
		BF27841F21F1C9FC0052F28B /* zh-Hans */ = {isa = PBXFileReference; lastKnownFileType = text.plist.strings; name = "zh-Hans"; path = "zh-Hans.lproj/LaunchScreen.strings"; sourceTree = "<group>"; };
		BF27842021F1CA070052F28B /* zh-Hant */ = {isa = PBXFileReference; lastKnownFileType = text.plist.strings; name = "zh-Hant"; path = "zh-Hant.lproj/Main.strings"; sourceTree = "<group>"; };
		BF27842121F1CA070052F28B /* zh-Hant */ = {isa = PBXFileReference; lastKnownFileType = text.plist.strings; name = "zh-Hant"; path = "zh-Hant.lproj/LaunchScreen.strings"; sourceTree = "<group>"; };
		BF27842221F1CA700052F28B /* en */ = {isa = PBXFileReference; lastKnownFileType = text.plist.strings; name = en; path = en.lproj/Main.strings; sourceTree = "<group>"; };
		BF27842421F1CB2E0052F28B /* en */ = {isa = PBXFileReference; lastKnownFileType = text.plist.strings; name = en; path = en.lproj/Localizable.strings; sourceTree = "<group>"; };
		BF27842621F1CB330052F28B /* zh-Hans */ = {isa = PBXFileReference; lastKnownFileType = text.plist.strings; name = "zh-Hans"; path = "zh-Hans.lproj/Localizable.strings"; sourceTree = "<group>"; };
		BF27842721F1CB360052F28B /* zh-Hant */ = {isa = PBXFileReference; lastKnownFileType = text.plist.strings; name = "zh-Hant"; path = "zh-Hant.lproj/Localizable.strings"; sourceTree = "<group>"; };
		BF27842921F1CBE20052F28B /* en */ = {isa = PBXFileReference; lastKnownFileType = text.plist.strings; name = en; path = en.lproj/InfoPlist.strings; sourceTree = "<group>"; };
		BF27842B21F1CBE80052F28B /* zh-Hans */ = {isa = PBXFileReference; lastKnownFileType = text.plist.strings; name = "zh-Hans"; path = "zh-Hans.lproj/InfoPlist.strings"; sourceTree = "<group>"; };
		BF27842C21F1CBEB0052F28B /* zh-Hant */ = {isa = PBXFileReference; lastKnownFileType = text.plist.strings; name = "zh-Hant"; path = "zh-Hant.lproj/InfoPlist.strings"; sourceTree = "<group>"; };
		BF2C288726EB350A00671ABC /* WhirlpoolHostingViewController.swift */ = {isa = PBXFileReference; lastKnownFileType = sourcecode.swift; path = WhirlpoolHostingViewController.swift; sourceTree = "<group>"; };
		BF2C288926EB358900671ABC /* WhirlpoolHostingStoryboard.storyboard */ = {isa = PBXFileReference; lastKnownFileType = file.storyboard; path = WhirlpoolHostingStoryboard.storyboard; sourceTree = "<group>"; };
		BF2D9B5921EEE4220036BBCD /* WhirlpoolSwitchToolbarButtonItem.swift */ = {isa = PBXFileReference; lastKnownFileType = sourcecode.swift; path = WhirlpoolSwitchToolbarButtonItem.swift; sourceTree = "<group>"; };
		BF2D9B5F21EEFBE70036BBCD /* WhirlpoolTableCellTextFieldSwitchBar.swift */ = {isa = PBXFileReference; lastKnownFileType = sourcecode.swift; path = WhirlpoolTableCellTextFieldSwitchBar.swift; sourceTree = "<group>"; };
		BF368CD521E6EB4F00A8971E /* WhirlpoolToolbarTableViewCell.swift */ = {isa = PBXFileReference; lastKnownFileType = sourcecode.swift; path = WhirlpoolToolbarTableViewCell.swift; sourceTree = "<group>"; };
		BF368CD721E75B6400A8971E /* WhirlpoolHistoryViewController.swift */ = {isa = PBXFileReference; lastKnownFileType = sourcecode.swift; path = WhirlpoolHistoryViewController.swift; sourceTree = "<group>"; };
		BF3F53CC21EC341500F97A06 /* WhirlpoolRecordStoreManager.swift */ = {isa = PBXFileReference; lastKnownFileType = sourcecode.swift; path = WhirlpoolRecordStoreManager.swift; sourceTree = "<group>"; };
		BF508E2521DDF76D0010E1BD /* whirlpool.app */ = {isa = PBXFileReference; explicitFileType = wrapper.application; includeInIndex = 0; path = whirlpool.app; sourceTree = BUILT_PRODUCTS_DIR; };
		BF508E2821DDF76D0010E1BD /* AppDelegate.swift */ = {isa = PBXFileReference; lastKnownFileType = sourcecode.swift; path = AppDelegate.swift; sourceTree = "<group>"; };
		BF508E2C21DDF76D0010E1BD /* WhirlpoolViewController.swift */ = {isa = PBXFileReference; lastKnownFileType = sourcecode.swift; path = WhirlpoolViewController.swift; sourceTree = "<group>"; };
		BF508E3121DDF76D0010E1BD /* Base */ = {isa = PBXFileReference; lastKnownFileType = file.storyboard; name = Base; path = Base.lproj/Main.storyboard; sourceTree = "<group>"; };
		BF508E3321DDF76E0010E1BD /* Assets.xcassets */ = {isa = PBXFileReference; lastKnownFileType = folder.assetcatalog; path = Assets.xcassets; sourceTree = "<group>"; };
		BF508E3621DDF76E0010E1BD /* Base */ = {isa = PBXFileReference; lastKnownFileType = file.storyboard; name = Base; path = Base.lproj/LaunchScreen.storyboard; sourceTree = "<group>"; };
		BF508E3821DDF76E0010E1BD /* Info.plist */ = {isa = PBXFileReference; lastKnownFileType = text.plist.xml; path = Info.plist; sourceTree = "<group>"; };
		BF508E3D21DDF76E0010E1BD /* whirlpoolTests.xctest */ = {isa = PBXFileReference; explicitFileType = wrapper.cfbundle; includeInIndex = 0; path = whirlpoolTests.xctest; sourceTree = BUILT_PRODUCTS_DIR; };
		BF508E4121DDF76E0010E1BD /* whirlpoolTests.swift */ = {isa = PBXFileReference; lastKnownFileType = sourcecode.swift; path = whirlpoolTests.swift; sourceTree = "<group>"; };
		BF508E4321DDF76E0010E1BD /* Info.plist */ = {isa = PBXFileReference; lastKnownFileType = text.plist.xml; path = Info.plist; sourceTree = "<group>"; };
		BF508E4821DDF76E0010E1BD /* whirlpoolUITests.xctest */ = {isa = PBXFileReference; explicitFileType = wrapper.cfbundle; includeInIndex = 0; path = whirlpoolUITests.xctest; sourceTree = BUILT_PRODUCTS_DIR; };
		BF508E4C21DDF76E0010E1BD /* whirlpoolUITests.swift */ = {isa = PBXFileReference; lastKnownFileType = sourcecode.swift; path = whirlpoolUITests.swift; sourceTree = "<group>"; };
		BF508E4E21DDF76E0010E1BD /* Info.plist */ = {isa = PBXFileReference; lastKnownFileType = text.plist.xml; path = Info.plist; sourceTree = "<group>"; };
		BF85DABC21EDEB4A009F6FEF /* WhirlpoolTimerTableViewCell.swift */ = {isa = PBXFileReference; lastKnownFileType = sourcecode.swift; path = WhirlpoolTimerTableViewCell.swift; sourceTree = "<group>"; };
		BF85DABD21EDEB4A009F6FEF /* WhirlpoolTimerTableViewCell.xib */ = {isa = PBXFileReference; lastKnownFileType = file.xib; path = WhirlpoolTimerTableViewCell.xib; sourceTree = "<group>"; };
		BFBF03E026EA16D30068BEFF /* WhirlpoolRecordListView.swift */ = {isa = PBXFileReference; fileEncoding = 4; lastKnownFileType = sourcecode.swift; path = WhirlpoolRecordListView.swift; sourceTree = "<group>"; };
		BFBF03E526EA23B50068BEFF /* WhirlpoolTimingPageController.swift */ = {isa = PBXFileReference; lastKnownFileType = sourcecode.swift; path = WhirlpoolTimingPageController.swift; sourceTree = "<group>"; };
		BFBF03E926EAE8C30068BEFF /* WhirlpoolRecordCellView.swift */ = {isa = PBXFileReference; lastKnownFileType = sourcecode.swift; path = WhirlpoolRecordCellView.swift; sourceTree = "<group>"; };
		BFBF03EE26EB057E0068BEFF /* WhirlpoolPlayButtonView.swift */ = {isa = PBXFileReference; lastKnownFileType = sourcecode.swift; path = WhirlpoolPlayButtonView.swift; sourceTree = "<group>"; };
		BFBF03F026EB07400068BEFF /* WhirlpoolSplitButtonView.swift */ = {isa = PBXFileReference; lastKnownFileType = sourcecode.swift; path = WhirlpoolSplitButtonView.swift; sourceTree = "<group>"; };
		BFD65FBA21E481990036ED99 /* WhirlpoolRecord.swift */ = {isa = PBXFileReference; lastKnownFileType = sourcecode.swift; path = WhirlpoolRecord.swift; sourceTree = "<group>"; };
		BFD65FBC21E484740036ED99 /* WhirlpoolRecordStore.swift */ = {isa = PBXFileReference; lastKnownFileType = sourcecode.swift; path = WhirlpoolRecordStore.swift; sourceTree = "<group>"; };
		BFD65FBE21E48E2B0036ED99 /* WhirlpoolRecordsTableViewController.swift */ = {isa = PBXFileReference; lastKnownFileType = sourcecode.swift; path = WhirlpoolRecordsTableViewController.swift; sourceTree = "<group>"; };
		BFDEF9A6270448C5004F08D1 /* WhirlpoolShareSheetView.swift */ = {isa = PBXFileReference; lastKnownFileType = sourcecode.swift; path = WhirlpoolShareSheetView.swift; sourceTree = "<group>"; };
		BFDEF9A8270453CC004F08D1 /* WhirlpoolHomePageView.swift */ = {isa = PBXFileReference; lastKnownFileType = sourcecode.swift; path = WhirlpoolHomePageView.swift; sourceTree = "<group>"; };
		BFDEF9AA27045D05004F08D1 /* WhirlpoolHistoryDetailView.swift */ = {isa = PBXFileReference; lastKnownFileType = sourcecode.swift; path = WhirlpoolHistoryDetailView.swift; sourceTree = "<group>"; };
		BFE3CDDC26F050B8002C1E1B /* WhirlpoolRefreshableTableView.swift */ = {isa = PBXFileReference; lastKnownFileType = sourcecode.swift; path = WhirlpoolRefreshableTableView.swift; sourceTree = "<group>"; };
		BFEAE0D026FCA22400246BAC /* DateUtil.swift */ = {isa = PBXFileReference; lastKnownFileType = sourcecode.swift; path = DateUtil.swift; sourceTree = "<group>"; };
		BFEAE0D226FDB61100246BAC /* WhirlpoolHistoryController.swift */ = {isa = PBXFileReference; lastKnownFileType = sourcecode.swift; path = WhirlpoolHistoryController.swift; sourceTree = "<group>"; };
		BFF2189321E5916A004D6480 /* WhirlpoolRecordTableViewCell.swift */ = {isa = PBXFileReference; lastKnownFileType = sourcecode.swift; path = WhirlpoolRecordTableViewCell.swift; sourceTree = "<group>"; };
		BFF2189521E5A357004D6480 /* WhirlpoolRecordDescTextField.swift */ = {isa = PBXFileReference; lastKnownFileType = sourcecode.swift; path = WhirlpoolRecordDescTextField.swift; sourceTree = "<group>"; };
		BFF2189721E5E89A004D6480 /* TimeHelper.swift */ = {isa = PBXFileReference; lastKnownFileType = sourcecode.swift; path = TimeHelper.swift; sourceTree = "<group>"; };
		D8BE878943EC20BCDA96F1BD /* Pods-whirlpool.release.xcconfig */ = {isa = PBXFileReference; includeInIndex = 1; lastKnownFileType = text.xcconfig; name = "Pods-whirlpool.release.xcconfig"; path = "Pods/Target Support Files/Pods-whirlpool/Pods-whirlpool.release.xcconfig"; sourceTree = "<group>"; };
/* End PBXFileReference section */

/* Begin PBXFrameworksBuildPhase section */
		BF508E2221DDF76D0010E1BD /* Frameworks */ = {
			isa = PBXFrameworksBuildPhase;
			buildActionMask = 2147483647;
			files = (
				BE2AA320FA42D298F02D0838 /* libPods-whirlpool.a in Frameworks */,
				BFEAE0D626FDB8E100246BAC /* PolarShadow in Frameworks */,
			);
			runOnlyForDeploymentPostprocessing = 0;
		};
		BF508E3A21DDF76E0010E1BD /* Frameworks */ = {
			isa = PBXFrameworksBuildPhase;
			buildActionMask = 2147483647;
			files = (
			);
			runOnlyForDeploymentPostprocessing = 0;
		};
		BF508E4521DDF76E0010E1BD /* Frameworks */ = {
			isa = PBXFrameworksBuildPhase;
			buildActionMask = 2147483647;
			files = (
			);
			runOnlyForDeploymentPostprocessing = 0;
		};
/* End PBXFrameworksBuildPhase section */

/* Begin PBXGroup section */
		56F1E846D8296A7F062E40D1 /* Pods */ = {
			isa = PBXGroup;
			children = (
				1C43313EE3D7DC836A65E666 /* Pods-whirlpool.debug.xcconfig */,
				D8BE878943EC20BCDA96F1BD /* Pods-whirlpool.release.xcconfig */,
			);
			name = Pods;
			sourceTree = "<group>";
		};
		BF0376B626EA066E002F41DD /* view */ = {
			isa = PBXGroup;
			children = (
				BF2C288926EB358900671ABC /* WhirlpoolHostingStoryboard.storyboard */,
				BF0376B726EA0692002F41DD /* WhirlpoolMainContainerView.swift */,
				BFDEF9A8270453CC004F08D1 /* WhirlpoolHomePageView.swift */,
				BF0376B926EA06A6002F41DD /* WhirlpoolTimingView.swift */,
				BF0376BB26EA06C4002F41DD /* WhirlpoolHistoryListView.swift */,
				BFDEF9AA27045D05004F08D1 /* WhirlpoolHistoryDetailView.swift */,
				BFBF03E026EA16D30068BEFF /* WhirlpoolRecordListView.swift */,
				BFBF03E926EAE8C30068BEFF /* WhirlpoolRecordCellView.swift */,
				BFE3CDDC26F050B8002C1E1B /* WhirlpoolRefreshableTableView.swift */,
				BFDEF9A6270448C5004F08D1 /* WhirlpoolShareSheetView.swift */,
				BFBF03ED26EB05670068BEFF /* button */,
			);
			path = view;
			sourceTree = "<group>";
		};
		BF113A0821E602F300F38D43 /* data */ = {
			isa = PBXGroup;
			children = (
				BF113A0121E5FF0800F38D43 /* whirlpool.xcdatamodeld */,
			);
			path = data;
			sourceTree = "<group>";
		};
		BF113A0B21E60F3B00F38D43 /* Frameworks */ = {
			isa = PBXGroup;
			children = (
				BF113A0C21E60F3B00F38D43 /* CoreData.framework */,
				2CD70CA61C636F2CCBA1B139 /* libPods-whirlpool.a */,
			);
			name = Frameworks;
			sourceTree = "<group>";
		};
		BF508E1C21DDF76D0010E1BD = {
			isa = PBXGroup;
			children = (
				BF508E2721DDF76D0010E1BD /* whirlpool */,
				BF508E4021DDF76E0010E1BD /* whirlpoolTests */,
				BF508E4B21DDF76E0010E1BD /* whirlpoolUITests */,
				BF508E2621DDF76D0010E1BD /* Products */,
				BF113A0B21E60F3B00F38D43 /* Frameworks */,
				56F1E846D8296A7F062E40D1 /* Pods */,
			);
			sourceTree = "<group>";
		};
		BF508E2621DDF76D0010E1BD /* Products */ = {
			isa = PBXGroup;
			children = (
				BF508E2521DDF76D0010E1BD /* whirlpool.app */,
				BF508E3D21DDF76E0010E1BD /* whirlpoolTests.xctest */,
				BF508E4821DDF76E0010E1BD /* whirlpoolUITests.xctest */,
			);
			name = Products;
			sourceTree = "<group>";
		};
		BF508E2721DDF76D0010E1BD /* whirlpool */ = {
			isa = PBXGroup;
			children = (
				BFEAE0CF26FCA21600246BAC /* utils */,
				BFBF03E426EA238B0068BEFF /* controller */,
				BF0376B626EA066E002F41DD /* view */,
				BF27842321F1CB2E0052F28B /* Localizable.strings */,
				BF113A0821E602F300F38D43 /* data */,
				BF508E2821DDF76D0010E1BD /* AppDelegate.swift */,
				BF508E2C21DDF76D0010E1BD /* WhirlpoolViewController.swift */,
				BF508E3021DDF76D0010E1BD /* Main.storyboard */,
				BF508E3321DDF76E0010E1BD /* Assets.xcassets */,
				BF508E3521DDF76E0010E1BD /* LaunchScreen.storyboard */,
				BF508E3821DDF76E0010E1BD /* Info.plist */,
				BF27842821F1CBE20052F28B /* InfoPlist.strings */,
				BFD65FBA21E481990036ED99 /* WhirlpoolRecord.swift */,
				BFD65FBC21E484740036ED99 /* WhirlpoolRecordStore.swift */,
				BF3F53CC21EC341500F97A06 /* WhirlpoolRecordStoreManager.swift */,
				BFD65FBE21E48E2B0036ED99 /* WhirlpoolRecordsTableViewController.swift */,
				BFF2189321E5916A004D6480 /* WhirlpoolRecordTableViewCell.swift */,
				BFF2189521E5A357004D6480 /* WhirlpoolRecordDescTextField.swift */,
				BFF2189721E5E89A004D6480 /* TimeHelper.swift */,
				BF368CD521E6EB4F00A8971E /* WhirlpoolToolbarTableViewCell.swift */,
				BF368CD721E75B6400A8971E /* WhirlpoolHistoryViewController.swift */,
				BF1453C321E8C8B0008D0D02 /* WhirlpoolHistoryDetailViewController.swift */,
				BF85DABC21EDEB4A009F6FEF /* WhirlpoolTimerTableViewCell.swift */,
				BF85DABD21EDEB4A009F6FEF /* WhirlpoolTimerTableViewCell.xib */,
				BF2D9B5921EEE4220036BBCD /* WhirlpoolSwitchToolbarButtonItem.swift */,
				BF2D9B5F21EEFBE70036BBCD /* WhirlpoolTableCellTextFieldSwitchBar.swift */,
			);
			path = whirlpool;
			sourceTree = "<group>";
		};
		BF508E4021DDF76E0010E1BD /* whirlpoolTests */ = {
			isa = PBXGroup;
			children = (
				BF508E4121DDF76E0010E1BD /* whirlpoolTests.swift */,
				BF508E4321DDF76E0010E1BD /* Info.plist */,
			);
			path = whirlpoolTests;
			sourceTree = "<group>";
		};
		BF508E4B21DDF76E0010E1BD /* whirlpoolUITests */ = {
			isa = PBXGroup;
			children = (
				BF508E4C21DDF76E0010E1BD /* whirlpoolUITests.swift */,
				BF508E4E21DDF76E0010E1BD /* Info.plist */,
			);
			path = whirlpoolUITests;
			sourceTree = "<group>";
		};
		BFBF03E426EA238B0068BEFF /* controller */ = {
			isa = PBXGroup;
			children = (
				BF2C288726EB350A00671ABC /* WhirlpoolHostingViewController.swift */,
				BFBF03E526EA23B50068BEFF /* WhirlpoolTimingPageController.swift */,
				BFEAE0D226FDB61100246BAC /* WhirlpoolHistoryController.swift */,
			);
			path = controller;
			sourceTree = "<group>";
		};
		BFBF03ED26EB05670068BEFF /* button */ = {
			isa = PBXGroup;
			children = (
				BFBF03EE26EB057E0068BEFF /* WhirlpoolPlayButtonView.swift */,
				BFBF03F026EB07400068BEFF /* WhirlpoolSplitButtonView.swift */,
			);
			path = button;
			sourceTree = "<group>";
		};
		BFEAE0CF26FCA21600246BAC /* utils */ = {
			isa = PBXGroup;
			children = (
				BFEAE0D026FCA22400246BAC /* DateUtil.swift */,
			);
			path = utils;
			sourceTree = "<group>";
		};
/* End PBXGroup section */

/* Begin PBXNativeTarget section */
		BF508E2421DDF76D0010E1BD /* whirlpool */ = {
			isa = PBXNativeTarget;
			buildConfigurationList = BF508E5121DDF76E0010E1BD /* Build configuration list for PBXNativeTarget "whirlpool" */;
			buildPhases = (
				28721A62B284FDC339D263EE /* [CP] Check Pods Manifest.lock */,
				BF508E2121DDF76D0010E1BD /* Sources */,
				BF508E2221DDF76D0010E1BD /* Frameworks */,
				BF508E2321DDF76D0010E1BD /* Resources */,
			);
			buildRules = (
			);
			dependencies = (
			);
			name = whirlpool;
			packageProductDependencies = (
				BFEAE0D526FDB8E100246BAC /* PolarShadow */,
			);
			productName = whirlpool;
			productReference = BF508E2521DDF76D0010E1BD /* whirlpool.app */;
			productType = "com.apple.product-type.application";
		};
		BF508E3C21DDF76E0010E1BD /* whirlpoolTests */ = {
			isa = PBXNativeTarget;
			buildConfigurationList = BF508E5421DDF76E0010E1BD /* Build configuration list for PBXNativeTarget "whirlpoolTests" */;
			buildPhases = (
				BF508E3921DDF76E0010E1BD /* Sources */,
				BF508E3A21DDF76E0010E1BD /* Frameworks */,
				BF508E3B21DDF76E0010E1BD /* Resources */,
			);
			buildRules = (
			);
			dependencies = (
				BF508E3F21DDF76E0010E1BD /* PBXTargetDependency */,
			);
			name = whirlpoolTests;
			productName = whirlpoolTests;
			productReference = BF508E3D21DDF76E0010E1BD /* whirlpoolTests.xctest */;
			productType = "com.apple.product-type.bundle.unit-test";
		};
		BF508E4721DDF76E0010E1BD /* whirlpoolUITests */ = {
			isa = PBXNativeTarget;
			buildConfigurationList = BF508E5721DDF76E0010E1BD /* Build configuration list for PBXNativeTarget "whirlpoolUITests" */;
			buildPhases = (
				BF508E4421DDF76E0010E1BD /* Sources */,
				BF508E4521DDF76E0010E1BD /* Frameworks */,
				BF508E4621DDF76E0010E1BD /* Resources */,
			);
			buildRules = (
			);
			dependencies = (
				BF508E4A21DDF76E0010E1BD /* PBXTargetDependency */,
			);
			name = whirlpoolUITests;
			productName = whirlpoolUITests;
			productReference = BF508E4821DDF76E0010E1BD /* whirlpoolUITests.xctest */;
			productType = "com.apple.product-type.bundle.ui-testing";
		};
/* End PBXNativeTarget section */

/* Begin PBXProject section */
		BF508E1D21DDF76D0010E1BD /* Project object */ = {
			isa = PBXProject;
			attributes = {
				LastSwiftUpdateCheck = 1010;
				LastUpgradeCheck = 1240;
				ORGANIZATIONNAME = Vincent.Tone;
				TargetAttributes = {
					BF508E2421DDF76D0010E1BD = {
						CreatedOnToolsVersion = 10.1;
						LastSwiftMigration = 1020;
					};
					BF508E3C21DDF76E0010E1BD = {
						CreatedOnToolsVersion = 10.1;
						LastSwiftMigration = 1020;
						TestTargetID = BF508E2421DDF76D0010E1BD;
					};
					BF508E4721DDF76E0010E1BD = {
						CreatedOnToolsVersion = 10.1;
						LastSwiftMigration = 1020;
						TestTargetID = BF508E2421DDF76D0010E1BD;
					};
				};
			};
			buildConfigurationList = BF508E2021DDF76D0010E1BD /* Build configuration list for PBXProject "whirlpool" */;
			compatibilityVersion = "Xcode 9.3";
			developmentRegion = en;
			hasScannedForEncodings = 0;
			knownRegions = (
				en,
				Base,
				"zh-Hans",
				"zh-Hant",
			);
			mainGroup = BF508E1C21DDF76D0010E1BD;
			packageReferences = (
				BFEAE0D426FDB8E100246BAC /* XCRemoteSwiftPackageReference "PolarShadow" */,
			);
			productRefGroup = BF508E2621DDF76D0010E1BD /* Products */;
			projectDirPath = "";
			projectRoot = "";
			targets = (
				BF508E2421DDF76D0010E1BD /* whirlpool */,
				BF508E3C21DDF76E0010E1BD /* whirlpoolTests */,
				BF508E4721DDF76E0010E1BD /* whirlpoolUITests */,
			);
		};
/* End PBXProject section */

/* Begin PBXResourcesBuildPhase section */
		BF508E2321DDF76D0010E1BD /* Resources */ = {
			isa = PBXResourcesBuildPhase;
			buildActionMask = 2147483647;
			files = (
				BF27842521F1CB2E0052F28B /* Localizable.strings in Resources */,
				BF27842A21F1CBE20052F28B /* InfoPlist.strings in Resources */,
				BF85DABF21EDEB4A009F6FEF /* WhirlpoolTimerTableViewCell.xib in Resources */,
				BF508E3721DDF76E0010E1BD /* LaunchScreen.storyboard in Resources */,
				BF508E3421DDF76E0010E1BD /* Assets.xcassets in Resources */,
				BF508E3221DDF76D0010E1BD /* Main.storyboard in Resources */,
				BF2C288A26EB358900671ABC /* WhirlpoolHostingStoryboard.storyboard in Resources */,
			);
			runOnlyForDeploymentPostprocessing = 0;
		};
		BF508E3B21DDF76E0010E1BD /* Resources */ = {
			isa = PBXResourcesBuildPhase;
			buildActionMask = 2147483647;
			files = (
			);
			runOnlyForDeploymentPostprocessing = 0;
		};
		BF508E4621DDF76E0010E1BD /* Resources */ = {
			isa = PBXResourcesBuildPhase;
			buildActionMask = 2147483647;
			files = (
			);
			runOnlyForDeploymentPostprocessing = 0;
		};
/* End PBXResourcesBuildPhase section */

/* Begin PBXShellScriptBuildPhase section */
		28721A62B284FDC339D263EE /* [CP] Check Pods Manifest.lock */ = {
			isa = PBXShellScriptBuildPhase;
			buildActionMask = 2147483647;
			files = (
			);
			inputFileListPaths = (
			);
			inputPaths = (
				"${PODS_PODFILE_DIR_PATH}/Podfile.lock",
				"${PODS_ROOT}/Manifest.lock",
			);
			name = "[CP] Check Pods Manifest.lock";
			outputFileListPaths = (
			);
			outputPaths = (
				"$(DERIVED_FILE_DIR)/Pods-whirlpool-checkManifestLockResult.txt",
			);
			runOnlyForDeploymentPostprocessing = 0;
			shellPath = /bin/sh;
			shellScript = "diff \"${PODS_PODFILE_DIR_PATH}/Podfile.lock\" \"${PODS_ROOT}/Manifest.lock\" > /dev/null\nif [ $? != 0 ] ; then\n    # print error to STDERR\n    echo \"error: The sandbox is not in sync with the Podfile.lock. Run 'pod install' or update your CocoaPods installation.\" >&2\n    exit 1\nfi\n# This output is used by Xcode 'outputs' to avoid re-running this script phase.\necho \"SUCCESS\" > \"${SCRIPT_OUTPUT_FILE_0}\"\n";
			showEnvVarsInLog = 0;
		};
/* End PBXShellScriptBuildPhase section */

/* Begin PBXSourcesBuildPhase section */
		BF508E2121DDF76D0010E1BD /* Sources */ = {
			isa = PBXSourcesBuildPhase;
			buildActionMask = 2147483647;
			files = (
				BFBF03EA26EAE8C30068BEFF /* WhirlpoolRecordCellView.swift in Sources */,
				BF508E2D21DDF76D0010E1BD /* WhirlpoolViewController.swift in Sources */,
				BF0376BC26EA06C4002F41DD /* WhirlpoolHistoryListView.swift in Sources */,
				BFD65FBF21E48E2B0036ED99 /* WhirlpoolRecordsTableViewController.swift in Sources */,
				BFBF03F126EB07400068BEFF /* WhirlpoolSplitButtonView.swift in Sources */,
				BF2D9B5A21EEE4220036BBCD /* WhirlpoolSwitchToolbarButtonItem.swift in Sources */,
				BFEAE0D326FDB61100246BAC /* WhirlpoolHistoryController.swift in Sources */,
				BFF2189821E5E89A004D6480 /* TimeHelper.swift in Sources */,
				BFD65FBD21E484740036ED99 /* WhirlpoolRecordStore.swift in Sources */,
				BFDEF9A7270448C5004F08D1 /* WhirlpoolShareSheetView.swift in Sources */,
				BF113A0321E5FF0800F38D43 /* whirlpool.xcdatamodeld in Sources */,
				BF0376B826EA0692002F41DD /* WhirlpoolMainContainerView.swift in Sources */,
				BF3F53CD21EC341500F97A06 /* WhirlpoolRecordStoreManager.swift in Sources */,
				BFD65FBB21E481990036ED99 /* WhirlpoolRecord.swift in Sources */,
				BFE3CDDD26F050B8002C1E1B /* WhirlpoolRefreshableTableView.swift in Sources */,
				BF1453C421E8C8B0008D0D02 /* WhirlpoolHistoryDetailViewController.swift in Sources */,
				BF2C288826EB350A00671ABC /* WhirlpoolHostingViewController.swift in Sources */,
				BF368CD621E6EB4F00A8971E /* WhirlpoolToolbarTableViewCell.swift in Sources */,
				BF368CD821E75B6400A8971E /* WhirlpoolHistoryViewController.swift in Sources */,
				BF85DABE21EDEB4A009F6FEF /* WhirlpoolTimerTableViewCell.swift in Sources */,
				BF2D9B6021EEFBE70036BBCD /* WhirlpoolTableCellTextFieldSwitchBar.swift in Sources */,
				BF508E2921DDF76D0010E1BD /* AppDelegate.swift in Sources */,
				BFF2189621E5A357004D6480 /* WhirlpoolRecordDescTextField.swift in Sources */,
				BFBF03EF26EB057E0068BEFF /* WhirlpoolPlayButtonView.swift in Sources */,
				BFF2189421E5916A004D6480 /* WhirlpoolRecordTableViewCell.swift in Sources */,
				BFDEF9A9270453CC004F08D1 /* WhirlpoolHomePageView.swift in Sources */,
				BFBF03E626EA23B50068BEFF /* WhirlpoolTimingPageController.swift in Sources */,
				BFEAE0D126FCA22400246BAC /* DateUtil.swift in Sources */,
				BFBF03E126EA16D30068BEFF /* WhirlpoolRecordListView.swift in Sources */,
				BF0376BA26EA06A6002F41DD /* WhirlpoolTimingView.swift in Sources */,
				BFDEF9AB27045D05004F08D1 /* WhirlpoolHistoryDetailView.swift in Sources */,
			);
			runOnlyForDeploymentPostprocessing = 0;
		};
		BF508E3921DDF76E0010E1BD /* Sources */ = {
			isa = PBXSourcesBuildPhase;
			buildActionMask = 2147483647;
			files = (
				BF508E4221DDF76E0010E1BD /* whirlpoolTests.swift in Sources */,
			);
			runOnlyForDeploymentPostprocessing = 0;
		};
		BF508E4421DDF76E0010E1BD /* Sources */ = {
			isa = PBXSourcesBuildPhase;
			buildActionMask = 2147483647;
			files = (
				BF508E4D21DDF76E0010E1BD /* whirlpoolUITests.swift in Sources */,
			);
			runOnlyForDeploymentPostprocessing = 0;
		};
/* End PBXSourcesBuildPhase section */

/* Begin PBXTargetDependency section */
		BF508E3F21DDF76E0010E1BD /* PBXTargetDependency */ = {
			isa = PBXTargetDependency;
			target = BF508E2421DDF76D0010E1BD /* whirlpool */;
			targetProxy = BF508E3E21DDF76E0010E1BD /* PBXContainerItemProxy */;
		};
		BF508E4A21DDF76E0010E1BD /* PBXTargetDependency */ = {
			isa = PBXTargetDependency;
			target = BF508E2421DDF76D0010E1BD /* whirlpool */;
			targetProxy = BF508E4921DDF76E0010E1BD /* PBXContainerItemProxy */;
		};
/* End PBXTargetDependency section */

/* Begin PBXVariantGroup section */
		BF27842321F1CB2E0052F28B /* Localizable.strings */ = {
			isa = PBXVariantGroup;
			children = (
				BF27842421F1CB2E0052F28B /* en */,
				BF27842621F1CB330052F28B /* zh-Hans */,
				BF27842721F1CB360052F28B /* zh-Hant */,
			);
			name = Localizable.strings;
			sourceTree = "<group>";
		};
		BF27842821F1CBE20052F28B /* InfoPlist.strings */ = {
			isa = PBXVariantGroup;
			children = (
				BF27842921F1CBE20052F28B /* en */,
				BF27842B21F1CBE80052F28B /* zh-Hans */,
				BF27842C21F1CBEB0052F28B /* zh-Hant */,
			);
			name = InfoPlist.strings;
			sourceTree = "<group>";
		};
		BF508E3021DDF76D0010E1BD /* Main.storyboard */ = {
			isa = PBXVariantGroup;
			children = (
				BF508E3121DDF76D0010E1BD /* Base */,
				BF27841E21F1C9FC0052F28B /* zh-Hans */,
				BF27842021F1CA070052F28B /* zh-Hant */,
				BF27842221F1CA700052F28B /* en */,
			);
			name = Main.storyboard;
			sourceTree = "<group>";
		};
		BF508E3521DDF76E0010E1BD /* LaunchScreen.storyboard */ = {
			isa = PBXVariantGroup;
			children = (
				BF508E3621DDF76E0010E1BD /* Base */,
				BF27841F21F1C9FC0052F28B /* zh-Hans */,
				BF27842121F1CA070052F28B /* zh-Hant */,
			);
			name = LaunchScreen.storyboard;
			sourceTree = "<group>";
		};
/* End PBXVariantGroup section */

/* Begin XCBuildConfiguration section */
		BF508E4F21DDF76E0010E1BD /* Debug */ = {
			isa = XCBuildConfiguration;
			buildSettings = {
				ALWAYS_SEARCH_USER_PATHS = NO;
				CLANG_ANALYZER_LOCALIZABILITY_NONLOCALIZED = YES;
				CLANG_ANALYZER_NONNULL = YES;
				CLANG_ANALYZER_NUMBER_OBJECT_CONVERSION = YES_AGGRESSIVE;
				CLANG_CXX_LANGUAGE_STANDARD = "gnu++14";
				CLANG_CXX_LIBRARY = "libc++";
				CLANG_ENABLE_MODULES = YES;
				CLANG_ENABLE_OBJC_ARC = YES;
				CLANG_ENABLE_OBJC_WEAK = YES;
				CLANG_WARN_BLOCK_CAPTURE_AUTORELEASING = YES;
				CLANG_WARN_BOOL_CONVERSION = YES;
				CLANG_WARN_COMMA = YES;
				CLANG_WARN_CONSTANT_CONVERSION = YES;
				CLANG_WARN_DEPRECATED_OBJC_IMPLEMENTATIONS = YES;
				CLANG_WARN_DIRECT_OBJC_ISA_USAGE = YES_ERROR;
				CLANG_WARN_DOCUMENTATION_COMMENTS = YES;
				CLANG_WARN_EMPTY_BODY = YES;
				CLANG_WARN_ENUM_CONVERSION = YES;
				CLANG_WARN_INFINITE_RECURSION = YES;
				CLANG_WARN_INT_CONVERSION = YES;
				CLANG_WARN_NON_LITERAL_NULL_CONVERSION = YES;
				CLANG_WARN_OBJC_IMPLICIT_RETAIN_SELF = YES;
				CLANG_WARN_OBJC_LITERAL_CONVERSION = YES;
				CLANG_WARN_OBJC_ROOT_CLASS = YES_ERROR;
				CLANG_WARN_QUOTED_INCLUDE_IN_FRAMEWORK_HEADER = YES;
				CLANG_WARN_RANGE_LOOP_ANALYSIS = YES;
				CLANG_WARN_STRICT_PROTOTYPES = YES;
				CLANG_WARN_SUSPICIOUS_MOVE = YES;
				CLANG_WARN_UNGUARDED_AVAILABILITY = YES_AGGRESSIVE;
				CLANG_WARN_UNREACHABLE_CODE = YES;
				CLANG_WARN__DUPLICATE_METHOD_MATCH = YES;
				CODE_SIGN_IDENTITY = "iPhone Developer";
				COPY_PHASE_STRIP = NO;
				DEBUG_INFORMATION_FORMAT = dwarf;
				ENABLE_STRICT_OBJC_MSGSEND = YES;
				ENABLE_TESTABILITY = YES;
				GCC_C_LANGUAGE_STANDARD = gnu11;
				GCC_DYNAMIC_NO_PIC = NO;
				GCC_NO_COMMON_BLOCKS = YES;
				GCC_OPTIMIZATION_LEVEL = 0;
				GCC_PREPROCESSOR_DEFINITIONS = (
					"DEBUG=1",
					"$(inherited)",
				);
				GCC_WARN_64_TO_32_BIT_CONVERSION = YES;
				GCC_WARN_ABOUT_RETURN_TYPE = YES_ERROR;
				GCC_WARN_UNDECLARED_SELECTOR = YES;
				GCC_WARN_UNINITIALIZED_AUTOS = YES_AGGRESSIVE;
				GCC_WARN_UNUSED_FUNCTION = YES;
				GCC_WARN_UNUSED_VARIABLE = YES;
				IPHONEOS_DEPLOYMENT_TARGET = 15.0;
				MTL_ENABLE_DEBUG_INFO = INCLUDE_SOURCE;
				MTL_FAST_MATH = YES;
				ONLY_ACTIVE_ARCH = YES;
				SDKROOT = iphoneos;
				SWIFT_ACTIVE_COMPILATION_CONDITIONS = DEBUG;
				SWIFT_OPTIMIZATION_LEVEL = "-Onone";
			};
			name = Debug;
		};
		BF508E5021DDF76E0010E1BD /* Release */ = {
			isa = XCBuildConfiguration;
			buildSettings = {
				ALWAYS_SEARCH_USER_PATHS = NO;
				CLANG_ANALYZER_LOCALIZABILITY_NONLOCALIZED = YES;
				CLANG_ANALYZER_NONNULL = YES;
				CLANG_ANALYZER_NUMBER_OBJECT_CONVERSION = YES_AGGRESSIVE;
				CLANG_CXX_LANGUAGE_STANDARD = "gnu++14";
				CLANG_CXX_LIBRARY = "libc++";
				CLANG_ENABLE_MODULES = YES;
				CLANG_ENABLE_OBJC_ARC = YES;
				CLANG_ENABLE_OBJC_WEAK = YES;
				CLANG_WARN_BLOCK_CAPTURE_AUTORELEASING = YES;
				CLANG_WARN_BOOL_CONVERSION = YES;
				CLANG_WARN_COMMA = YES;
				CLANG_WARN_CONSTANT_CONVERSION = YES;
				CLANG_WARN_DEPRECATED_OBJC_IMPLEMENTATIONS = YES;
				CLANG_WARN_DIRECT_OBJC_ISA_USAGE = YES_ERROR;
				CLANG_WARN_DOCUMENTATION_COMMENTS = YES;
				CLANG_WARN_EMPTY_BODY = YES;
				CLANG_WARN_ENUM_CONVERSION = YES;
				CLANG_WARN_INFINITE_RECURSION = YES;
				CLANG_WARN_INT_CONVERSION = YES;
				CLANG_WARN_NON_LITERAL_NULL_CONVERSION = YES;
				CLANG_WARN_OBJC_IMPLICIT_RETAIN_SELF = YES;
				CLANG_WARN_OBJC_LITERAL_CONVERSION = YES;
				CLANG_WARN_OBJC_ROOT_CLASS = YES_ERROR;
				CLANG_WARN_QUOTED_INCLUDE_IN_FRAMEWORK_HEADER = YES;
				CLANG_WARN_RANGE_LOOP_ANALYSIS = YES;
				CLANG_WARN_STRICT_PROTOTYPES = YES;
				CLANG_WARN_SUSPICIOUS_MOVE = YES;
				CLANG_WARN_UNGUARDED_AVAILABILITY = YES_AGGRESSIVE;
				CLANG_WARN_UNREACHABLE_CODE = YES;
				CLANG_WARN__DUPLICATE_METHOD_MATCH = YES;
				CODE_SIGN_IDENTITY = "iPhone Developer";
				COPY_PHASE_STRIP = NO;
				DEBUG_INFORMATION_FORMAT = "dwarf-with-dsym";
				ENABLE_NS_ASSERTIONS = NO;
				ENABLE_STRICT_OBJC_MSGSEND = YES;
				GCC_C_LANGUAGE_STANDARD = gnu11;
				GCC_NO_COMMON_BLOCKS = YES;
				GCC_WARN_64_TO_32_BIT_CONVERSION = YES;
				GCC_WARN_ABOUT_RETURN_TYPE = YES_ERROR;
				GCC_WARN_UNDECLARED_SELECTOR = YES;
				GCC_WARN_UNINITIALIZED_AUTOS = YES_AGGRESSIVE;
				GCC_WARN_UNUSED_FUNCTION = YES;
				GCC_WARN_UNUSED_VARIABLE = YES;
				IPHONEOS_DEPLOYMENT_TARGET = 15.0;
				MTL_ENABLE_DEBUG_INFO = NO;
				MTL_FAST_MATH = YES;
				SDKROOT = iphoneos;
				SWIFT_COMPILATION_MODE = wholemodule;
				SWIFT_OPTIMIZATION_LEVEL = "-O";
				VALIDATE_PRODUCT = YES;
			};
			name = Release;
		};
		BF508E5221DDF76E0010E1BD /* Debug */ = {
			isa = XCBuildConfiguration;
			baseConfigurationReference = 1C43313EE3D7DC836A65E666 /* Pods-whirlpool.debug.xcconfig */;
			buildSettings = {
				ASSETCATALOG_COMPILER_APPICON_NAME = AppIcon;
				CODE_SIGN_STYLE = Automatic;
				DEVELOPMENT_TEAM = L756M7D2VX;
				FRAMEWORK_SEARCH_PATHS = (
					"$(inherited)",
					"$(PROJECT_DIR)",
				);
				INFOPLIST_FILE = whirlpool/Info.plist;
				IPHONEOS_DEPLOYMENT_TARGET = 15.0;
				LD_RUNPATH_SEARCH_PATHS = (
					"$(inherited)",
					"@executable_path/Frameworks",
				);
				MARKETING_VERSION = 1.1;
				PRODUCT_BUNDLE_IDENTIFIER = red.vii.whirlpool;
				PRODUCT_NAME = "$(TARGET_NAME)";
				SWIFT_VERSION = 5.0;
				TARGETED_DEVICE_FAMILY = "1,2";
			};
			name = Debug;
		};
		BF508E5321DDF76E0010E1BD /* Release */ = {
			isa = XCBuildConfiguration;
			baseConfigurationReference = D8BE878943EC20BCDA96F1BD /* Pods-whirlpool.release.xcconfig */;
			buildSettings = {
				ASSETCATALOG_COMPILER_APPICON_NAME = AppIcon;
				CODE_SIGN_STYLE = Automatic;
				DEVELOPMENT_TEAM = L756M7D2VX;
				FRAMEWORK_SEARCH_PATHS = (
					"$(inherited)",
					"$(PROJECT_DIR)",
				);
				INFOPLIST_FILE = whirlpool/Info.plist;
				IPHONEOS_DEPLOYMENT_TARGET = 15.0;
				LD_RUNPATH_SEARCH_PATHS = (
					"$(inherited)",
					"@executable_path/Frameworks",
				);
				MARKETING_VERSION = 1.1;
				PRODUCT_BUNDLE_IDENTIFIER = red.vii.whirlpool;
				PRODUCT_NAME = "$(TARGET_NAME)";
				SWIFT_VERSION = 5.0;
				TARGETED_DEVICE_FAMILY = "1,2";
			};
			name = Release;
		};
		BF508E5521DDF76E0010E1BD /* Debug */ = {
			isa = XCBuildConfiguration;
			buildSettings = {
				ALWAYS_EMBED_SWIFT_STANDARD_LIBRARIES = YES;
				BUNDLE_LOADER = "$(TEST_HOST)";
				CODE_SIGN_STYLE = Automatic;
				DEVELOPMENT_TEAM = L756M7D2VX;
				INFOPLIST_FILE = whirlpoolTests/Info.plist;
				LD_RUNPATH_SEARCH_PATHS = (
					"$(inherited)",
					"@executable_path/Frameworks",
					"@loader_path/Frameworks",
				);
				PRODUCT_BUNDLE_IDENTIFIER = red.vii.whirlpoolTests;
				PRODUCT_NAME = "$(TARGET_NAME)";
				SWIFT_VERSION = 5.0;
				TARGETED_DEVICE_FAMILY = "1,2";
				TEST_HOST = "$(BUILT_PRODUCTS_DIR)/whirlpool.app/whirlpool";
			};
			name = Debug;
		};
		BF508E5621DDF76E0010E1BD /* Release */ = {
			isa = XCBuildConfiguration;
			buildSettings = {
				ALWAYS_EMBED_SWIFT_STANDARD_LIBRARIES = YES;
				BUNDLE_LOADER = "$(TEST_HOST)";
				CODE_SIGN_STYLE = Automatic;
				DEVELOPMENT_TEAM = L756M7D2VX;
				INFOPLIST_FILE = whirlpoolTests/Info.plist;
				LD_RUNPATH_SEARCH_PATHS = (
					"$(inherited)",
					"@executable_path/Frameworks",
					"@loader_path/Frameworks",
				);
				PRODUCT_BUNDLE_IDENTIFIER = red.vii.whirlpoolTests;
				PRODUCT_NAME = "$(TARGET_NAME)";
				SWIFT_VERSION = 5.0;
				TARGETED_DEVICE_FAMILY = "1,2";
				TEST_HOST = "$(BUILT_PRODUCTS_DIR)/whirlpool.app/whirlpool";
			};
			name = Release;
		};
		BF508E5821DDF76E0010E1BD /* Debug */ = {
			isa = XCBuildConfiguration;
			buildSettings = {
				ALWAYS_EMBED_SWIFT_STANDARD_LIBRARIES = YES;
				CODE_SIGN_STYLE = Automatic;
				DEVELOPMENT_TEAM = L756M7D2VX;
				INFOPLIST_FILE = whirlpoolUITests/Info.plist;
				LD_RUNPATH_SEARCH_PATHS = (
					"$(inherited)",
					"@executable_path/Frameworks",
					"@loader_path/Frameworks",
				);
				PRODUCT_BUNDLE_IDENTIFIER = red.vii.whirlpoolUITests;
				PRODUCT_NAME = "$(TARGET_NAME)";
				SWIFT_VERSION = 5.0;
				TARGETED_DEVICE_FAMILY = "1,2";
				TEST_TARGET_NAME = whirlpool;
			};
			name = Debug;
		};
		BF508E5921DDF76E0010E1BD /* Release */ = {
			isa = XCBuildConfiguration;
			buildSettings = {
				ALWAYS_EMBED_SWIFT_STANDARD_LIBRARIES = YES;
				CODE_SIGN_STYLE = Automatic;
				DEVELOPMENT_TEAM = L756M7D2VX;
				INFOPLIST_FILE = whirlpoolUITests/Info.plist;
				LD_RUNPATH_SEARCH_PATHS = (
					"$(inherited)",
					"@executable_path/Frameworks",
					"@loader_path/Frameworks",
				);
				PRODUCT_BUNDLE_IDENTIFIER = red.vii.whirlpoolUITests;
				PRODUCT_NAME = "$(TARGET_NAME)";
				SWIFT_VERSION = 5.0;
				TARGETED_DEVICE_FAMILY = "1,2";
				TEST_TARGET_NAME = whirlpool;
			};
			name = Release;
		};
/* End XCBuildConfiguration section */

/* Begin XCConfigurationList section */
		BF508E2021DDF76D0010E1BD /* Build configuration list for PBXProject "whirlpool" */ = {
			isa = XCConfigurationList;
			buildConfigurations = (
				BF508E4F21DDF76E0010E1BD /* Debug */,
				BF508E5021DDF76E0010E1BD /* Release */,
			);
			defaultConfigurationIsVisible = 0;
			defaultConfigurationName = Release;
		};
		BF508E5121DDF76E0010E1BD /* Build configuration list for PBXNativeTarget "whirlpool" */ = {
			isa = XCConfigurationList;
			buildConfigurations = (
				BF508E5221DDF76E0010E1BD /* Debug */,
				BF508E5321DDF76E0010E1BD /* Release */,
			);
			defaultConfigurationIsVisible = 0;
			defaultConfigurationName = Release;
		};
		BF508E5421DDF76E0010E1BD /* Build configuration list for PBXNativeTarget "whirlpoolTests" */ = {
			isa = XCConfigurationList;
			buildConfigurations = (
				BF508E5521DDF76E0010E1BD /* Debug */,
				BF508E5621DDF76E0010E1BD /* Release */,
			);
			defaultConfigurationIsVisible = 0;
			defaultConfigurationName = Release;
		};
		BF508E5721DDF76E0010E1BD /* Build configuration list for PBXNativeTarget "whirlpoolUITests" */ = {
			isa = XCConfigurationList;
			buildConfigurations = (
				BF508E5821DDF76E0010E1BD /* Debug */,
				BF508E5921DDF76E0010E1BD /* Release */,
			);
			defaultConfigurationIsVisible = 0;
			defaultConfigurationName = Release;
		};
/* End XCConfigurationList section */

/* Begin XCRemoteSwiftPackageReference section */
		BFEAE0D426FDB8E100246BAC /* XCRemoteSwiftPackageReference "PolarShadow" */ = {
			isa = XCRemoteSwiftPackageReference;
			repositoryURL = "git@www.bluesoda.cn:/git/PolarShadow";
			requirement = {
				kind = upToNextMajorVersion;
				minimumVersion = 0.1.9;
			};
		};
/* End XCRemoteSwiftPackageReference section */

/* Begin XCSwiftPackageProductDependency section */
		BFEAE0D526FDB8E100246BAC /* PolarShadow */ = {
			isa = XCSwiftPackageProductDependency;
			package = BFEAE0D426FDB8E100246BAC /* XCRemoteSwiftPackageReference "PolarShadow" */;
			productName = PolarShadow;
		};
/* End XCSwiftPackageProductDependency section */

/* Begin XCVersionGroup section */
		BF113A0121E5FF0800F38D43 /* whirlpool.xcdatamodeld */ = {
			isa = XCVersionGroup;
			children = (
				BF113A0221E5FF0800F38D43 /* TimeRecord.xcdatamodel */,
			);
			currentVersion = BF113A0221E5FF0800F38D43 /* TimeRecord.xcdatamodel */;
			path = whirlpool.xcdatamodeld;
			sourceTree = "<group>";
			versionGroupType = wrapper.xcdatamodel;
		};
/* End XCVersionGroup section */
	};
	rootObject = BF508E1D21DDF76D0010E1BD /* Project object */;
}
